// !$*UTF8*$!
{
	archiveVersion = 1;
	classes = {
	};
	objectVersion = 50;
	objects = {

/* Begin PBXBuildFile section */
		0CB00F8F22B9BE40003F847C /* AppDelegate.swift in Sources */ = {isa = PBXBuildFile; fileRef = 0CB00F8E22B9BE40003F847C /* AppDelegate.swift */; };
		0CB00F9122B9BE40003F847C /* ViewController.swift in Sources */ = {isa = PBXBuildFile; fileRef = 0CB00F9022B9BE40003F847C /* ViewController.swift */; };
		0CB00F9422B9BE40003F847C /* Main.storyboard in Resources */ = {isa = PBXBuildFile; fileRef = 0CB00F9222B9BE40003F847C /* Main.storyboard */; };
		0CB00F9622B9BE42003F847C /* Assets.xcassets in Resources */ = {isa = PBXBuildFile; fileRef = 0CB00F9522B9BE42003F847C /* Assets.xcassets */; };
		0CB00F9922B9BE42003F847C /* LaunchScreen.storyboard in Resources */ = {isa = PBXBuildFile; fileRef = 0CB00F9722B9BE42003F847C /* LaunchScreen.storyboard */; };
		0CB00FA422B9BE42003F847C /* ConnectingFireBaseTests.swift in Sources */ = {isa = PBXBuildFile; fileRef = 0CB00FA322B9BE42003F847C /* ConnectingFireBaseTests.swift */; };
		0CB00FAF22B9BE42003F847C /* ConnectingFireBaseUITests.swift in Sources */ = {isa = PBXBuildFile; fileRef = 0CB00FAE22B9BE42003F847C /* ConnectingFireBaseUITests.swift */; };
		0CB00FBD22BADEDB003F847C /* GoogleService-Info.plist in Resources */ = {isa = PBXBuildFile; fileRef = 0CB00FBC22BADEDB003F847C /* GoogleService-Info.plist */; };
		4D25109F9F0387F4AFD3BACE /* Pods_ConnectingFireBaseTests.framework in Frameworks */ = {isa = PBXBuildFile; fileRef = 9523D34290A1A1E6BD40ED57 /* Pods_ConnectingFireBaseTests.framework */; };
		B42AB844A8FB2E33CFB87E28 /* Pods_ConnectingFireBase.framework in Frameworks */ = {isa = PBXBuildFile; fileRef = 71151DD46701226F1ED63C26 /* Pods_ConnectingFireBase.framework */; };
		FB71FB66A41493A9890CE3C0 /* Pods_ConnectingFireBaseUITests.framework in Frameworks */ = {isa = PBXBuildFile; fileRef = 255A15813CFB349DCD514FBD /* Pods_ConnectingFireBaseUITests.framework */; };
/* End PBXBuildFile section */

/* Begin PBXContainerItemProxy section */
		0CB00FA022B9BE42003F847C /* PBXContainerItemProxy */ = {
			isa = PBXContainerItemProxy;
			containerPortal = 0CB00F8322B9BE40003F847C /* Project object */;
			proxyType = 1;
			remoteGlobalIDString = 0CB00F8A22B9BE40003F847C;
			remoteInfo = ConnectingFireBase;
		};
		0CB00FAB22B9BE42003F847C /* PBXContainerItemProxy */ = {
			isa = PBXContainerItemProxy;
			containerPortal = 0CB00F8322B9BE40003F847C /* Project object */;
			proxyType = 1;
			remoteGlobalIDString = 0CB00F8A22B9BE40003F847C;
			remoteInfo = ConnectingFireBase;
		};
/* End PBXContainerItemProxy section */

/* Begin PBXFileReference section */
		08F476E19B54395FFDD4B52A /* Pods-ConnectingFireBase.release.xcconfig */ = {isa = PBXFileReference; includeInIndex = 1; lastKnownFileType = text.xcconfig; name = "Pods-ConnectingFireBase.release.xcconfig"; path = "Pods/Target Support Files/Pods-ConnectingFireBase/Pods-ConnectingFireBase.release.xcconfig"; sourceTree = "<group>"; };
		0CB00F8B22B9BE40003F847C /* ConnectingFireBase.app */ = {isa = PBXFileReference; explicitFileType = wrapper.application; includeInIndex = 0; path = ConnectingFireBase.app; sourceTree = BUILT_PRODUCTS_DIR; };
		0CB00F8E22B9BE40003F847C /* AppDelegate.swift */ = {isa = PBXFileReference; lastKnownFileType = sourcecode.swift; path = AppDelegate.swift; sourceTree = "<group>"; };
		0CB00F9022B9BE40003F847C /* ViewController.swift */ = {isa = PBXFileReference; lastKnownFileType = sourcecode.swift; path = ViewController.swift; sourceTree = "<group>"; };
		0CB00F9322B9BE40003F847C /* Base */ = {isa = PBXFileReference; lastKnownFileType = file.storyboard; name = Base; path = Base.lproj/Main.storyboard; sourceTree = "<group>"; };
		0CB00F9522B9BE42003F847C /* Assets.xcassets */ = {isa = PBXFileReference; lastKnownFileType = folder.assetcatalog; path = Assets.xcassets; sourceTree = "<group>"; };
		0CB00F9822B9BE42003F847C /* Base */ = {isa = PBXFileReference; lastKnownFileType = file.storyboard; name = Base; path = Base.lproj/LaunchScreen.storyboard; sourceTree = "<group>"; };
		0CB00F9A22B9BE42003F847C /* Info.plist */ = {isa = PBXFileReference; lastKnownFileType = text.plist.xml; path = Info.plist; sourceTree = "<group>"; };
		0CB00F9F22B9BE42003F847C /* ConnectingFireBaseTests.xctest */ = {isa = PBXFileReference; explicitFileType = wrapper.cfbundle; includeInIndex = 0; path = ConnectingFireBaseTests.xctest; sourceTree = BUILT_PRODUCTS_DIR; };
		0CB00FA322B9BE42003F847C /* ConnectingFireBaseTests.swift */ = {isa = PBXFileReference; lastKnownFileType = sourcecode.swift; path = ConnectingFireBaseTests.swift; sourceTree = "<group>"; };
		0CB00FA522B9BE42003F847C /* Info.plist */ = {isa = PBXFileReference; lastKnownFileType = text.plist.xml; path = Info.plist; sourceTree = "<group>"; };
		0CB00FAA22B9BE42003F847C /* ConnectingFireBaseUITests.xctest */ = {isa = PBXFileReference; explicitFileType = wrapper.cfbundle; includeInIndex = 0; path = ConnectingFireBaseUITests.xctest; sourceTree = BUILT_PRODUCTS_DIR; };
		0CB00FAE22B9BE42003F847C /* ConnectingFireBaseUITests.swift */ = {isa = PBXFileReference; lastKnownFileType = sourcecode.swift; path = ConnectingFireBaseUITests.swift; sourceTree = "<group>"; };
		0CB00FB022B9BE42003F847C /* Info.plist */ = {isa = PBXFileReference; lastKnownFileType = text.plist.xml; path = Info.plist; sourceTree = "<group>"; };
		0CB00FBC22BADEDB003F847C /* GoogleService-Info.plist */ = {isa = PBXFileReference; fileEncoding = 4; lastKnownFileType = text.plist.xml; path = "GoogleService-Info.plist"; sourceTree = "<group>"; };
		255A15813CFB349DCD514FBD /* Pods_ConnectingFireBaseUITests.framework */ = {isa = PBXFileReference; explicitFileType = wrapper.framework; includeInIndex = 0; path = Pods_ConnectingFireBaseUITests.framework; sourceTree = BUILT_PRODUCTS_DIR; };
		41FC77C17508D17BDA402A04 /* Pods-ConnectingFireBaseUITests.debug.xcconfig */ = {isa = PBXFileReference; includeInIndex = 1; lastKnownFileType = text.xcconfig; name = "Pods-ConnectingFireBaseUITests.debug.xcconfig"; path = "Pods/Target Support Files/Pods-ConnectingFireBaseUITests/Pods-ConnectingFireBaseUITests.debug.xcconfig"; sourceTree = "<group>"; };
		61F71759402BACBA13D8B35C /* Pods-ConnectingFireBaseTests.release.xcconfig */ = {isa = PBXFileReference; includeInIndex = 1; lastKnownFileType = text.xcconfig; name = "Pods-ConnectingFireBaseTests.release.xcconfig"; path = "Pods/Target Support Files/Pods-ConnectingFireBaseTests/Pods-ConnectingFireBaseTests.release.xcconfig"; sourceTree = "<group>"; };
		6ECB8DEF1154C027CC240D6B /* Pods-ConnectingFireBaseUITests.release.xcconfig */ = {isa = PBXFileReference; includeInIndex = 1; lastKnownFileType = text.xcconfig; name = "Pods-ConnectingFireBaseUITests.release.xcconfig"; path = "Pods/Target Support Files/Pods-ConnectingFireBaseUITests/Pods-ConnectingFireBaseUITests.release.xcconfig"; sourceTree = "<group>"; };
		71151DD46701226F1ED63C26 /* Pods_ConnectingFireBase.framework */ = {isa = PBXFileReference; explicitFileType = wrapper.framework; includeInIndex = 0; path = Pods_ConnectingFireBase.framework; sourceTree = BUILT_PRODUCTS_DIR; };
		9523D34290A1A1E6BD40ED57 /* Pods_ConnectingFireBaseTests.framework */ = {isa = PBXFileReference; explicitFileType = wrapper.framework; includeInIndex = 0; path = Pods_ConnectingFireBaseTests.framework; sourceTree = BUILT_PRODUCTS_DIR; };
		A25C4E7FE56DFF0B10E6C91E /* Pods-ConnectingFireBase.debug.xcconfig */ = {isa = PBXFileReference; includeInIndex = 1; lastKnownFileType = text.xcconfig; name = "Pods-ConnectingFireBase.debug.xcconfig"; path = "Pods/Target Support Files/Pods-ConnectingFireBase/Pods-ConnectingFireBase.debug.xcconfig"; sourceTree = "<group>"; };
		C46F5A44EA72AED7C17214F9 /* Pods-ConnectingFireBaseTests.debug.xcconfig */ = {isa = PBXFileReference; includeInIndex = 1; lastKnownFileType = text.xcconfig; name = "Pods-ConnectingFireBaseTests.debug.xcconfig"; path = "Pods/Target Support Files/Pods-ConnectingFireBaseTests/Pods-ConnectingFireBaseTests.debug.xcconfig"; sourceTree = "<group>"; };
/* End PBXFileReference section */

/* Begin PBXFrameworksBuildPhase section */
		0CB00F8822B9BE40003F847C /* Frameworks */ = {
			isa = PBXFrameworksBuildPhase;
			buildActionMask = 2147483647;
			files = (
				B42AB844A8FB2E33CFB87E28 /* Pods_ConnectingFireBase.framework in Frameworks */,
			);
			runOnlyForDeploymentPostprocessing = 0;
		};
		0CB00F9C22B9BE42003F847C /* Frameworks */ = {
			isa = PBXFrameworksBuildPhase;
			buildActionMask = 2147483647;
			files = (
				4D25109F9F0387F4AFD3BACE /* Pods_ConnectingFireBaseTests.framework in Frameworks */,
			);
			runOnlyForDeploymentPostprocessing = 0;
		};
		0CB00FA722B9BE42003F847C /* Frameworks */ = {
			isa = PBXFrameworksBuildPhase;
			buildActionMask = 2147483647;
			files = (
				FB71FB66A41493A9890CE3C0 /* Pods_ConnectingFireBaseUITests.framework in Frameworks */,
			);
			runOnlyForDeploymentPostprocessing = 0;
		};
/* End PBXFrameworksBuildPhase section */

/* Begin PBXGroup section */
		0CB00F8222B9BE40003F847C = {
			isa = PBXGroup;
			children = (
				0CB00F8D22B9BE40003F847C /* ConnectingFireBase */,
				0CB00FA222B9BE42003F847C /* ConnectingFireBaseTests */,
				0CB00FAD22B9BE42003F847C /* ConnectingFireBaseUITests */,
				0CB00F8C22B9BE40003F847C /* Products */,
				B4E0314CA27CC544F780423F /* Pods */,
				890868ED506E3CC309EEA726 /* Frameworks */,
			);
			sourceTree = "<group>";
		};
		0CB00F8C22B9BE40003F847C /* Products */ = {
			isa = PBXGroup;
			children = (
				0CB00F8B22B9BE40003F847C /* ConnectingFireBase.app */,
				0CB00F9F22B9BE42003F847C /* ConnectingFireBaseTests.xctest */,
				0CB00FAA22B9BE42003F847C /* ConnectingFireBaseUITests.xctest */,
			);
			name = Products;
			sourceTree = "<group>";
		};
		0CB00F8D22B9BE40003F847C /* ConnectingFireBase */ = {
			isa = PBXGroup;
			children = (
				0CB00F8E22B9BE40003F847C /* AppDelegate.swift */,
				0CB00F9022B9BE40003F847C /* ViewController.swift */,
				0CB00F9222B9BE40003F847C /* Main.storyboard */,
				0CB00F9522B9BE42003F847C /* Assets.xcassets */,
				0CB00F9722B9BE42003F847C /* LaunchScreen.storyboard */,
				0CB00FBC22BADEDB003F847C /* GoogleService-Info.plist */,
				0CB00F9A22B9BE42003F847C /* Info.plist */,
			);
			path = ConnectingFireBase;
			sourceTree = "<group>";
		};
		0CB00FA222B9BE42003F847C /* ConnectingFireBaseTests */ = {
			isa = PBXGroup;
			children = (
				0CB00FA322B9BE42003F847C /* ConnectingFireBaseTests.swift */,
				0CB00FA522B9BE42003F847C /* Info.plist */,
			);
			path = ConnectingFireBaseTests;
			sourceTree = "<group>";
		};
		0CB00FAD22B9BE42003F847C /* ConnectingFireBaseUITests */ = {
			isa = PBXGroup;
			children = (
				0CB00FAE22B9BE42003F847C /* ConnectingFireBaseUITests.swift */,
				0CB00FB022B9BE42003F847C /* Info.plist */,
			);
			path = ConnectingFireBaseUITests;
			sourceTree = "<group>";
		};
		890868ED506E3CC309EEA726 /* Frameworks */ = {
			isa = PBXGroup;
			children = (
				71151DD46701226F1ED63C26 /* Pods_ConnectingFireBase.framework */,
				9523D34290A1A1E6BD40ED57 /* Pods_ConnectingFireBaseTests.framework */,
				255A15813CFB349DCD514FBD /* Pods_ConnectingFireBaseUITests.framework */,
			);
			name = Frameworks;
			sourceTree = "<group>";
		};
		B4E0314CA27CC544F780423F /* Pods */ = {
			isa = PBXGroup;
			children = (
				A25C4E7FE56DFF0B10E6C91E /* Pods-ConnectingFireBase.debug.xcconfig */,
				08F476E19B54395FFDD4B52A /* Pods-ConnectingFireBase.release.xcconfig */,
				C46F5A44EA72AED7C17214F9 /* Pods-ConnectingFireBaseTests.debug.xcconfig */,
				61F71759402BACBA13D8B35C /* Pods-ConnectingFireBaseTests.release.xcconfig */,
				41FC77C17508D17BDA402A04 /* Pods-ConnectingFireBaseUITests.debug.xcconfig */,
				6ECB8DEF1154C027CC240D6B /* Pods-ConnectingFireBaseUITests.release.xcconfig */,
			);
			name = Pods;
			sourceTree = "<group>";
		};
/* End PBXGroup section */

/* Begin PBXNativeTarget section */
		0CB00F8A22B9BE40003F847C /* ConnectingFireBase */ = {
			isa = PBXNativeTarget;
			buildConfigurationList = 0CB00FB322B9BE42003F847C /* Build configuration list for PBXNativeTarget "ConnectingFireBase" */;
			buildPhases = (
				DEBB4B0BE3065944D35BBAFB /* [CP] Check Pods Manifest.lock */,
				0CB00F8722B9BE40003F847C /* Sources */,
				0CB00F8822B9BE40003F847C /* Frameworks */,
				0CB00F8922B9BE40003F847C /* Resources */,
				419EC97EE8F2AA370D56C44A /* [CP] Embed Pods Frameworks */,
			);
			buildRules = (
			);
			dependencies = (
			);
			name = ConnectingFireBase;
			productName = ConnectingFireBase;
			productReference = 0CB00F8B22B9BE40003F847C /* ConnectingFireBase.app */;
			productType = "com.apple.product-type.application";
		};
		0CB00F9E22B9BE42003F847C /* ConnectingFireBaseTests */ = {
			isa = PBXNativeTarget;
			buildConfigurationList = 0CB00FB622B9BE42003F847C /* Build configuration list for PBXNativeTarget "ConnectingFireBaseTests" */;
			buildPhases = (
				DBD9B4A1014BA1A7D11CB759 /* [CP] Check Pods Manifest.lock */,
				0CB00F9B22B9BE42003F847C /* Sources */,
				0CB00F9C22B9BE42003F847C /* Frameworks */,
				0CB00F9D22B9BE42003F847C /* Resources */,
			);
			buildRules = (
			);
			dependencies = (
				0CB00FA122B9BE42003F847C /* PBXTargetDependency */,
			);
			name = ConnectingFireBaseTests;
			productName = ConnectingFireBaseTests;
			productReference = 0CB00F9F22B9BE42003F847C /* ConnectingFireBaseTests.xctest */;
			productType = "com.apple.product-type.bundle.unit-test";
		};
		0CB00FA922B9BE42003F847C /* ConnectingFireBaseUITests */ = {
			isa = PBXNativeTarget;
			buildConfigurationList = 0CB00FB922B9BE42003F847C /* Build configuration list for PBXNativeTarget "ConnectingFireBaseUITests" */;
			buildPhases = (
				48E3DE9B6360C27A769FC077 /* [CP] Check Pods Manifest.lock */,
				0CB00FA622B9BE42003F847C /* Sources */,
				0CB00FA722B9BE42003F847C /* Frameworks */,
				0CB00FA822B9BE42003F847C /* Resources */,
			);
			buildRules = (
			);
			dependencies = (
				0CB00FAC22B9BE42003F847C /* PBXTargetDependency */,
			);
			name = ConnectingFireBaseUITests;
			productName = ConnectingFireBaseUITests;
			productReference = 0CB00FAA22B9BE42003F847C /* ConnectingFireBaseUITests.xctest */;
			productType = "com.apple.product-type.bundle.ui-testing";
		};
/* End PBXNativeTarget section */

/* Begin PBXProject section */
		0CB00F8322B9BE40003F847C /* Project object */ = {
			isa = PBXProject;
			attributes = {
				LastSwiftUpdateCheck = 1020;
				LastUpgradeCheck = 1020;
				ORGANIZATIONNAME = "Kazuya Takahashi";
				TargetAttributes = {
					0CB00F8A22B9BE40003F847C = {
						CreatedOnToolsVersion = 10.2.1;
					};
					0CB00F9E22B9BE42003F847C = {
						CreatedOnToolsVersion = 10.2.1;
						TestTargetID = 0CB00F8A22B9BE40003F847C;
					};
					0CB00FA922B9BE42003F847C = {
						CreatedOnToolsVersion = 10.2.1;
						TestTargetID = 0CB00F8A22B9BE40003F847C;
					};
				};
			};
			buildConfigurationList = 0CB00F8622B9BE40003F847C /* Build configuration list for PBXProject "ConnectingFireBase" */;
			compatibilityVersion = "Xcode 9.3";
			developmentRegion = en;
			hasScannedForEncodings = 0;
			knownRegions = (
				en,
				Base,
			);
			mainGroup = 0CB00F8222B9BE40003F847C;
			productRefGroup = 0CB00F8C22B9BE40003F847C /* Products */;
			projectDirPath = "";
			projectRoot = "";
			targets = (
				0CB00F8A22B9BE40003F847C /* ConnectingFireBase */,
				0CB00F9E22B9BE42003F847C /* ConnectingFireBaseTests */,
				0CB00FA922B9BE42003F847C /* ConnectingFireBaseUITests */,
			);
		};
/* End PBXProject section */

/* Begin PBXResourcesBuildPhase section */
		0CB00F8922B9BE40003F847C /* Resources */ = {
			isa = PBXResourcesBuildPhase;
			buildActionMask = 2147483647;
			files = (
				0CB00F9922B9BE42003F847C /* LaunchScreen.storyboard in Resources */,
				0CB00FBD22BADEDB003F847C /* GoogleService-Info.plist in Resources */,
				0CB00F9622B9BE42003F847C /* Assets.xcassets in Resources */,
				0CB00F9422B9BE40003F847C /* Main.storyboard in Resources */,
			);
			runOnlyForDeploymentPostprocessing = 0;
		};
		0CB00F9D22B9BE42003F847C /* Resources */ = {
			isa = PBXResourcesBuildPhase;
			buildActionMask = 2147483647;
			files = (
			);
			runOnlyForDeploymentPostprocessing = 0;
		};
		0CB00FA822B9BE42003F847C /* Resources */ = {
			isa = PBXResourcesBuildPhase;
			buildActionMask = 2147483647;
			files = (
			);
			runOnlyForDeploymentPostprocessing = 0;
		};
/* End PBXResourcesBuildPhase section */

/* Begin PBXShellScriptBuildPhase section */
		419EC97EE8F2AA370D56C44A /* [CP] Embed Pods Frameworks */ = {
			isa = PBXShellScriptBuildPhase;
			buildActionMask = 2147483647;
			files = (
			);
			inputPaths = (
				"${SRCROOT}/Pods/Target Support Files/Pods-ConnectingFireBase/Pods-ConnectingFireBase-frameworks.sh",
				"${BUILT_PRODUCTS_DIR}/GTMSessionFetcher/GTMSessionFetcher.framework",
				"${BUILT_PRODUCTS_DIR}/GoogleUtilities/GoogleUtilities.framework",
				"${BUILT_PRODUCTS_DIR}/leveldb-library/leveldb.framework",
				"${BUILT_PRODUCTS_DIR}/nanopb/nanopb.framework",
			);
			name = "[CP] Embed Pods Frameworks";
			outputPaths = (
				"${TARGET_BUILD_DIR}/${FRAMEWORKS_FOLDER_PATH}/GTMSessionFetcher.framework",
				"${TARGET_BUILD_DIR}/${FRAMEWORKS_FOLDER_PATH}/GoogleUtilities.framework",
				"${TARGET_BUILD_DIR}/${FRAMEWORKS_FOLDER_PATH}/leveldb.framework",
				"${TARGET_BUILD_DIR}/${FRAMEWORKS_FOLDER_PATH}/nanopb.framework",
			);
			runOnlyForDeploymentPostprocessing = 0;
			shellPath = /bin/sh;
			shellScript = "\"${SRCROOT}/Pods/Target Support Files/Pods-ConnectingFireBase/Pods-ConnectingFireBase-frameworks.sh\"\n";
			showEnvVarsInLog = 0;
		};
		48E3DE9B6360C27A769FC077 /* [CP] Check Pods Manifest.lock */ = {
			isa = PBXShellScriptBuildPhase;
			buildActionMask = 2147483647;
			files = (
			);
			inputPaths = (
				"${PODS_PODFILE_DIR_PATH}/Podfile.lock",
				"${PODS_ROOT}/Manifest.lock",
			);
			name = "[CP] Check Pods Manifest.lock";
			outputPaths = (
				"$(DERIVED_FILE_DIR)/Pods-ConnectingFireBaseUITests-checkManifestLockResult.txt",
			);
			runOnlyForDeploymentPostprocessing = 0;
			shellPath = /bin/sh;
			shellScript = "diff \"${PODS_PODFILE_DIR_PATH}/Podfile.lock\" \"${PODS_ROOT}/Manifest.lock\" > /dev/null\nif [ $? != 0 ] ; then\n    # print error to STDERR\n    echo \"error: The sandbox is not in sync with the Podfile.lock. Run 'pod install' or update your CocoaPods installation.\" >&2\n    exit 1\nfi\n# This output is used by Xcode 'outputs' to avoid re-running this script phase.\necho \"SUCCESS\" > \"${SCRIPT_OUTPUT_FILE_0}\"\n";
			showEnvVarsInLog = 0;
		};
		DBD9B4A1014BA1A7D11CB759 /* [CP] Check Pods Manifest.lock */ = {
			isa = PBXShellScriptBuildPhase;
			buildActionMask = 2147483647;
			files = (
			);
			inputPaths = (
				"${PODS_PODFILE_DIR_PATH}/Podfile.lock",
				"${PODS_ROOT}/Manifest.lock",
			);
			name = "[CP] Check Pods Manifest.lock";
			outputPaths = (
				"$(DERIVED_FILE_DIR)/Pods-ConnectingFireBaseTests-checkManifestLockResult.txt",
			);
			runOnlyForDeploymentPostprocessing = 0;
			shellPath = /bin/sh;
			shellScript = "diff \"${PODS_PODFILE_DIR_PATH}/Podfile.lock\" \"${PODS_ROOT}/Manifest.lock\" > /dev/null\nif [ $? != 0 ] ; then\n    # print error to STDERR\n    echo \"error: The sandbox is not in sync with the Podfile.lock. Run 'pod install' or update your CocoaPods installation.\" >&2\n    exit 1\nfi\n# This output is used by Xcode 'outputs' to avoid re-running this script phase.\necho \"SUCCESS\" > \"${SCRIPT_OUTPUT_FILE_0}\"\n";
			showEnvVarsInLog = 0;
		};
		DEBB4B0BE3065944D35BBAFB /* [CP] Check Pods Manifest.lock */ = {
			isa = PBXShellScriptBuildPhase;
			buildActionMask = 2147483647;
			files = (
			);
			inputPaths = (
				"${PODS_PODFILE_DIR_PATH}/Podfile.lock",
				"${PODS_ROOT}/Manifest.lock",
			);
			name = "[CP] Check Pods Manifest.lock";
			outputPaths = (
				"$(DERIVED_FILE_DIR)/Pods-ConnectingFireBase-checkManifestLockResult.txt",
			);
			runOnlyForDeploymentPostprocessing = 0;
			shellPath = /bin/sh;
			shellScript = "diff \"${PODS_PODFILE_DIR_PATH}/Podfile.lock\" \"${PODS_ROOT}/Manifest.lock\" > /dev/null\nif [ $? != 0 ] ; then\n    # print error to STDERR\n    echo \"error: The sandbox is not in sync with the Podfile.lock. Run 'pod install' or update your CocoaPods installation.\" >&2\n    exit 1\nfi\n# This output is used by Xcode 'outputs' to avoid re-running this script phase.\necho \"SUCCESS\" > \"${SCRIPT_OUTPUT_FILE_0}\"\n";
			showEnvVarsInLog = 0;
		};
/* End PBXShellScriptBuildPhase section */

/* Begin PBXSourcesBuildPhase section */
		0CB00F8722B9BE40003F847C /* Sources */ = {
			isa = PBXSourcesBuildPhase;
			buildActionMask = 2147483647;
			files = (
				0CB00F9122B9BE40003F847C /* ViewController.swift in Sources */,
				0CB00F8F22B9BE40003F847C /* AppDelegate.swift in Sources */,
			);
			runOnlyForDeploymentPostprocessing = 0;
		};
		0CB00F9B22B9BE42003F847C /* Sources */ = {
			isa = PBXSourcesBuildPhase;
			buildActionMask = 2147483647;
			files = (
				0CB00FA422B9BE42003F847C /* ConnectingFireBaseTests.swift in Sources */,
			);
			runOnlyForDeploymentPostprocessing = 0;
		};
		0CB00FA622B9BE42003F847C /* Sources */ = {
			isa = PBXSourcesBuildPhase;
			buildActionMask = 2147483647;
			files = (
				0CB00FAF22B9BE42003F847C /* ConnectingFireBaseUITests.swift in Sources */,
			);
			runOnlyForDeploymentPostprocessing = 0;
		};
/* End PBXSourcesBuildPhase section */

/* Begin PBXTargetDependency section */
		0CB00FA122B9BE42003F847C /* PBXTargetDependency */ = {
			isa = PBXTargetDependency;
			target = 0CB00F8A22B9BE40003F847C /* ConnectingFireBase */;
			targetProxy = 0CB00FA022B9BE42003F847C /* PBXContainerItemProxy */;
		};
		0CB00FAC22B9BE42003F847C /* PBXTargetDependency */ = {
			isa = PBXTargetDependency;
			target = 0CB00F8A22B9BE40003F847C /* ConnectingFireBase */;
			targetProxy = 0CB00FAB22B9BE42003F847C /* PBXContainerItemProxy */;
		};
/* End PBXTargetDependency section */

/* Begin PBXVariantGroup section */
		0CB00F9222B9BE40003F847C /* Main.storyboard */ = {
			isa = PBXVariantGroup;
			children = (
				0CB00F9322B9BE40003F847C /* Base */,
			);
			name = Main.storyboard;
			sourceTree = "<group>";
		};
		0CB00F9722B9BE42003F847C /* LaunchScreen.storyboard */ = {
			isa = PBXVariantGroup;
			children = (
				0CB00F9822B9BE42003F847C /* Base */,
			);
			name = LaunchScreen.storyboard;
			sourceTree = "<group>";
		};
/* End PBXVariantGroup section */

/* Begin XCBuildConfiguration section */
		0CB00FB122B9BE42003F847C /* Debug */ = {
			isa = XCBuildConfiguration;
			buildSettings = {
				ALWAYS_SEARCH_USER_PATHS = NO;
				CLANG_ANALYZER_NONNULL = YES;
				CLANG_ANALYZER_NUMBER_OBJECT_CONVERSION = YES_AGGRESSIVE;
				CLANG_CXX_LANGUAGE_STANDARD = "gnu++14";
				CLANG_CXX_LIBRARY = "libc++";
				CLANG_ENABLE_MODULES = YES;
				CLANG_ENABLE_OBJC_ARC = YES;
				CLANG_ENABLE_OBJC_WEAK = YES;
				CLANG_WARN_BLOCK_CAPTURE_AUTORELEASING = YES;
				CLANG_WARN_BOOL_CONVERSION = YES;
				CLANG_WARN_COMMA = YES;
				CLANG_WARN_CONSTANT_CONVERSION = YES;
				CLANG_WARN_DEPRECATED_OBJC_IMPLEMENTATIONS = YES;
				CLANG_WARN_DIRECT_OBJC_ISA_USAGE = YES_ERROR;
				CLANG_WARN_DOCUMENTATION_COMMENTS = YES;
				CLANG_WARN_EMPTY_BODY = YES;
				CLANG_WARN_ENUM_CONVERSION = YES;
				CLANG_WARN_INFINITE_RECURSION = YES;
				CLANG_WARN_INT_CONVERSION = YES;
				CLANG_WARN_NON_LITERAL_NULL_CONVERSION = YES;
				CLANG_WARN_OBJC_IMPLICIT_RETAIN_SELF = YES;
				CLANG_WARN_OBJC_LITERAL_CONVERSION = YES;
				CLANG_WARN_OBJC_ROOT_CLASS = YES_ERROR;
				CLANG_WARN_RANGE_LOOP_ANALYSIS = YES;
				CLANG_WARN_STRICT_PROTOTYPES = YES;
				CLANG_WARN_SUSPICIOUS_MOVE = YES;
				CLANG_WARN_UNGUARDED_AVAILABILITY = YES_AGGRESSIVE;
				CLANG_WARN_UNREACHABLE_CODE = YES;
				CLANG_WARN__DUPLICATE_METHOD_MATCH = YES;
				CODE_SIGN_IDENTITY = "iPhone Developer";
				COPY_PHASE_STRIP = NO;
				DEBUG_INFORMATION_FORMAT = dwarf;
				ENABLE_STRICT_OBJC_MSGSEND = YES;
				ENABLE_TESTABILITY = YES;
				GCC_C_LANGUAGE_STANDARD = gnu11;
				GCC_DYNAMIC_NO_PIC = NO;
				GCC_NO_COMMON_BLOCKS = YES;
				GCC_OPTIMIZATION_LEVEL = 0;
				GCC_PREPROCESSOR_DEFINITIONS = (
					"DEBUG=1",
					"$(inherited)",
				);
				GCC_WARN_64_TO_32_BIT_CONVERSION = YES;
				GCC_WARN_ABOUT_RETURN_TYPE = YES_ERROR;
				GCC_WARN_UNDECLARED_SELECTOR = YES;
				GCC_WARN_UNINITIALIZED_AUTOS = YES_AGGRESSIVE;
				GCC_WARN_UNUSED_FUNCTION = YES;
				GCC_WARN_UNUSED_VARIABLE = YES;
				IPHONEOS_DEPLOYMENT_TARGET = 12.2;
				MTL_ENABLE_DEBUG_INFO = INCLUDE_SOURCE;
				MTL_FAST_MATH = YES;
				ONLY_ACTIVE_ARCH = YES;
				SDKROOT = iphoneos;
				SWIFT_ACTIVE_COMPILATION_CONDITIONS = DEBUG;
				SWIFT_OPTIMIZATION_LEVEL = "-Onone";
			};
			name = Debug;
		};
		0CB00FB222B9BE42003F847C /* Release */ = {
			isa = XCBuildConfiguration;
			buildSettings = {
				ALWAYS_SEARCH_USER_PATHS = NO;
				CLANG_ANALYZER_NONNULL = YES;
				CLANG_ANALYZER_NUMBER_OBJECT_CONVERSION = YES_AGGRESSIVE;
				CLANG_CXX_LANGUAGE_STANDARD = "gnu++14";
				CLANG_CXX_LIBRARY = "libc++";
				CLANG_ENABLE_MODULES = YES;
				CLANG_ENABLE_OBJC_ARC = YES;
				CLANG_ENABLE_OBJC_WEAK = YES;
				CLANG_WARN_BLOCK_CAPTURE_AUTORELEASING = YES;
				CLANG_WARN_BOOL_CONVERSION = YES;
				CLANG_WARN_COMMA = YES;
				CLANG_WARN_CONSTANT_CONVERSION = YES;
				CLANG_WARN_DEPRECATED_OBJC_IMPLEMENTATIONS = YES;
				CLANG_WARN_DIRECT_OBJC_ISA_USAGE = YES_ERROR;
				CLANG_WARN_DOCUMENTATION_COMMENTS = YES;
				CLANG_WARN_EMPTY_BODY = YES;
				CLANG_WARN_ENUM_CONVERSION = YES;
				CLANG_WARN_INFINITE_RECURSION = YES;
				CLANG_WARN_INT_CONVERSION = YES;
				CLANG_WARN_NON_LITERAL_NULL_CONVERSION = YES;
				CLANG_WARN_OBJC_IMPLICIT_RETAIN_SELF = YES;
				CLANG_WARN_OBJC_LITERAL_CONVERSION = YES;
				CLANG_WARN_OBJC_ROOT_CLASS = YES_ERROR;
				CLANG_WARN_RANGE_LOOP_ANALYSIS = YES;
				CLANG_WARN_STRICT_PROTOTYPES = YES;
				CLANG_WARN_SUSPICIOUS_MOVE = YES;
				CLANG_WARN_UNGUARDED_AVAILABILITY = YES_AGGRESSIVE;
				CLANG_WARN_UNREACHABLE_CODE = YES;
				CLANG_WARN__DUPLICATE_METHOD_MATCH = YES;
				CODE_SIGN_IDENTITY = "iPhone Developer";
				COPY_PHASE_STRIP = NO;
				DEBUG_INFORMATION_FORMAT = "dwarf-with-dsym";
				ENABLE_NS_ASSERTIONS = NO;
				ENABLE_STRICT_OBJC_MSGSEND = YES;
				GCC_C_LANGUAGE_STANDARD = gnu11;
				GCC_NO_COMMON_BLOCKS = YES;
				GCC_WARN_64_TO_32_BIT_CONVERSION = YES;
				GCC_WARN_ABOUT_RETURN_TYPE = YES_ERROR;
				GCC_WARN_UNDECLARED_SELECTOR = YES;
				GCC_WARN_UNINITIALIZED_AUTOS = YES_AGGRESSIVE;
				GCC_WARN_UNUSED_FUNCTION = YES;
				GCC_WARN_UNUSED_VARIABLE = YES;
				IPHONEOS_DEPLOYMENT_TARGET = 12.2;
				MTL_ENABLE_DEBUG_INFO = NO;
				MTL_FAST_MATH = YES;
				SDKROOT = iphoneos;
				SWIFT_COMPILATION_MODE = wholemodule;
				SWIFT_OPTIMIZATION_LEVEL = "-O";
				VALIDATE_PRODUCT = YES;
			};
			name = Release;
		};
		0CB00FB422B9BE42003F847C /* Debug */ = {
			isa = XCBuildConfiguration;
			baseConfigurationReference = A25C4E7FE56DFF0B10E6C91E /* Pods-ConnectingFireBase.debug.xcconfig */;
			buildSettings = {
				ASSETCATALOG_COMPILER_APPICON_NAME = AppIcon;
				CODE_SIGN_STYLE = Automatic;
				DEVELOPMENT_TEAM = FS7Z333KZ7;
				INFOPLIST_FILE = ConnectingFireBase/Info.plist;
				LD_RUNPATH_SEARCH_PATHS = (
					"$(inherited)",
					"@executable_path/Frameworks",
				);
				PRODUCT_BUNDLE_IDENTIFIER = com.dpapp.ConnectingFireBase;
				PRODUCT_NAME = "$(TARGET_NAME)";
				SWIFT_VERSION = 5.0;
				TARGETED_DEVICE_FAMILY = "1,2";
			};
			name = Debug;
		};
		0CB00FB522B9BE42003F847C /* Release */ = {
			isa = XCBuildConfiguration;
			baseConfigurationReference = 08F476E19B54395FFDD4B52A /* Pods-ConnectingFireBase.release.xcconfig */;
			buildSettings = {
				ASSETCATALOG_COMPILER_APPICON_NAME = AppIcon;
				CODE_SIGN_STYLE = Automatic;
				DEVELOPMENT_TEAM = FS7Z333KZ7;
				INFOPLIST_FILE = ConnectingFireBase/Info.plist;
				LD_RUNPATH_SEARCH_PATHS = (
					"$(inherited)",
					"@executable_path/Frameworks",
				);
				PRODUCT_BUNDLE_IDENTIFIER = com.dpapp.ConnectingFireBase;
				PRODUCT_NAME = "$(TARGET_NAME)";
				SWIFT_VERSION = 5.0;
				TARGETED_DEVICE_FAMILY = "1,2";
			};
			name = Release;
		};
		0CB00FB722B9BE42003F847C /* Debug */ = {
			isa = XCBuildConfiguration;
			baseConfigurationReference = C46F5A44EA72AED7C17214F9 /* Pods-ConnectingFireBaseTests.debug.xcconfig */;
			buildSettings = {
				ALWAYS_EMBED_SWIFT_STANDARD_LIBRARIES = YES;
				BUNDLE_LOADER = "$(TEST_HOST)";
				CODE_SIGN_STYLE = Automatic;
				DEVELOPMENT_TEAM = FS7Z333KZ7;
				INFOPLIST_FILE = ConnectingFireBaseTests/Info.plist;
				LD_RUNPATH_SEARCH_PATHS = (
					"$(inherited)",
					"@executable_path/Frameworks",
					"@loader_path/Frameworks",
				);
				PRODUCT_BUNDLE_IDENTIFIER = com.dpapp.ConnectingFireBaseTests;
				PRODUCT_NAME = "$(TARGET_NAME)";
				SWIFT_VERSION = 5.0;
				TARGETED_DEVICE_FAMILY = "1,2";
				TEST_HOST = "$(BUILT_PRODUCTS_DIR)/ConnectingFireBase.app/ConnectingFireBase";
			};
			name = Debug;
		};
		0CB00FB822B9BE42003F847C /* Release */ = {
			isa = XCBuildConfiguration;
			baseConfigurationReference = 61F71759402BACBA13D8B35C /* Pods-ConnectingFireBaseTests.release.xcconfig */;
			buildSettings = {
				ALWAYS_EMBED_SWIFT_STANDARD_LIBRARIES = YES;
				BUNDLE_LOADER = "$(TEST_HOST)";
				CODE_SIGN_STYLE = Automatic;
				DEVELOPMENT_TEAM = FS7Z333KZ7;
				INFOPLIST_FILE = ConnectingFireBaseTests/Info.plist;
				LD_RUNPATH_SEARCH_PATHS = (
					"$(inherited)",
					"@executable_path/Frameworks",
					"@loader_path/Frameworks",
				);
				PRODUCT_BUNDLE_IDENTIFIER = com.dpapp.ConnectingFireBaseTests;
				PRODUCT_NAME = "$(TARGET_NAME)";
				SWIFT_VERSION = 5.0;
				TARGETED_DEVICE_FAMILY = "1,2";
				TEST_HOST = "$(BUILT_PRODUCTS_DIR)/ConnectingFireBase.app/ConnectingFireBase";
			};
			name = Release;
		};
		0CB00FBA22B9BE42003F847C /* Debug */ = {
			isa = XCBuildConfiguration;
			baseConfigurationReference = 41FC77C17508D17BDA402A04 /* Pods-ConnectingFireBaseUITests.debug.xcconfig */;
			buildSettings = {
				ALWAYS_EMBED_SWIFT_STANDARD_LIBRARIES = YES;
				CODE_SIGN_STYLE = Automatic;
				DEVELOPMENT_TEAM = FS7Z333KZ7;
				INFOPLIST_FILE = ConnectingFireBaseUITests/Info.plist;
				LD_RUNPATH_SEARCH_PATHS = (
					"$(inherited)",
					"@executable_path/Frameworks",
					"@loader_path/Frameworks",
				);
				PRODUCT_BUNDLE_IDENTIFIER = com.dpapp.ConnectingFireBaseUITests;
				PRODUCT_NAME = "$(TARGET_NAME)";
				SWIFT_VERSION = 5.0;
				TARGETED_DEVICE_FAMILY = "1,2";
				TEST_TARGET_NAME = ConnectingFireBase;
			};
			name = Debug;
		};
		0CB00FBB22B9BE42003F847C /* Release */ = {
			isa = XCBuildConfiguration;
			baseConfigurationReference = 6ECB8DEF1154C027CC240D6B /* Pods-ConnectingFireBaseUITests.release.xcconfig */;
			buildSettings = {
				ALWAYS_EMBED_SWIFT_STANDARD_LIBRARIES = YES;
				CODE_SIGN_STYLE = Automatic;
				DEVELOPMENT_TEAM = FS7Z333KZ7;
				INFOPLIST_FILE = ConnectingFireBaseUITests/Info.plist;
				LD_RUNPATH_SEARCH_PATHS = (
					"$(inherited)",
					"@executable_path/Frameworks",
					"@loader_path/Frameworks",
				);
				PRODUCT_BUNDLE_IDENTIFIER = com.dpapp.ConnectingFireBaseUITests;
				PRODUCT_NAME = "$(TARGET_NAME)";
				SWIFT_VERSION = 5.0;
				TARGETED_DEVICE_FAMILY = "1,2";
				TEST_TARGET_NAME = ConnectingFireBase;
			};
			name = Release;
		};
/* End XCBuildConfiguration section */

/* Begin XCConfigurationList section */
		0CB00F8622B9BE40003F847C /* Build configuration list for PBXProject "ConnectingFireBase" */ = {
			isa = XCConfigurationList;
			buildConfigurations = (
				0CB00FB122B9BE42003F847C /* Debug */,
				0CB00FB222B9BE42003F847C /* Release */,
			);
			defaultConfigurationIsVisible = 0;
			defaultConfigurationName = Release;
		};
		0CB00FB322B9BE42003F847C /* Build configuration list for PBXNativeTarget "ConnectingFireBase" */ = {
			isa = XCConfigurationList;
			buildConfigurations = (
				0CB00FB422B9BE42003F847C /* Debug */,
				0CB00FB522B9BE42003F847C /* Release */,
			);
			defaultConfigurationIsVisible = 0;
			defaultConfigurationName = Release;
		};
		0CB00FB622B9BE42003F847C /* Build configuration list for PBXNativeTarget "ConnectingFireBaseTests" */ = {
			isa = XCConfigurationList;
			buildConfigurations = (
				0CB00FB722B9BE42003F847C /* Debug */,
				0CB00FB822B9BE42003F847C /* Release */,
			);
			defaultConfigurationIsVisible = 0;
			defaultConfigurationName = Release;
		};
		0CB00FB922B9BE42003F847C /* Build configuration list for PBXNativeTarget "ConnectingFireBaseUITests" */ = {
			isa = XCConfigurationList;
			buildConfigurations = (
				0CB00FBA22B9BE42003F847C /* Debug */,
				0CB00FBB22B9BE42003F847C /* Release */,
			);
			defaultConfigurationIsVisible = 0;
			defaultConfigurationName = Release;
		};
/* End XCConfigurationList section */
	};
	rootObject = 0CB00F8322B9BE40003F847C /* Project object */;
}
